// !$*UTF8*$!
{
	archiveVersion = 1;
	classes = {
	};
	objectVersion = 55;
	objects = {

/* Begin PBXBuildFile section */
		BF0F80832886400F008D816A /* Search.storyboard in Resources */ = {isa = PBXBuildFile; fileRef = BF0F80822886400F008D816A /* Search.storyboard */; };
		BF0F808528864041008D816A /* Trend.storyboard in Resources */ = {isa = PBXBuildFile; fileRef = BF0F808428864041008D816A /* Trend.storyboard */; };
		BF0F8087288640B1008D816A /* Intro.storyboard in Resources */ = {isa = PBXBuildFile; fileRef = BF0F8086288640B1008D816A /* Intro.storyboard */; };
		BF0F808928864401008D816A /* TrendViewController.swift in Sources */ = {isa = PBXBuildFile; fileRef = BF0F808828864401008D816A /* TrendViewController.swift */; };
		BF0F808D28864531008D816A /* UIViewController+Extension.swift in Sources */ = {isa = PBXBuildFile; fileRef = BF0F808C28864531008D816A /* UIViewController+Extension.swift */; };
		BF0F808F2886478C008D816A /* UITextField+Extension.swift in Sources */ = {isa = PBXBuildFile; fileRef = BF0F808E2886478C008D816A /* UITextField+Extension.swift */; };
		BF0F809128864BA4008D816A /* BucketlistTableViewController.swift in Sources */ = {isa = PBXBuildFile; fileRef = BF0F809028864BA4008D816A /* BucketlistTableViewController.swift */; };
		BF0F809328864DAA008D816A /* BuketlistTableViewCell.swift in Sources */ = {isa = PBXBuildFile; fileRef = BF0F809228864DAA008D816A /* BuketlistTableViewCell.swift */; };
		BF602DE428853DA600E22462 /* Setting.storyboard in Resources */ = {isa = PBXBuildFile; fileRef = BF602DE328853DA600E22462 /* Setting.storyboard */; };
		BF602DE628853DC600E22462 /* SettingTableViewController.swift in Sources */ = {isa = PBXBuildFile; fileRef = BF602DE528853DC600E22462 /* SettingTableViewController.swift */; };
		BF84CA852884DDDA00341454 /* AppDelegate.swift in Sources */ = {isa = PBXBuildFile; fileRef = BF84CA842884DDDA00341454 /* AppDelegate.swift */; };
		BF84CA872884DDDA00341454 /* SceneDelegate.swift in Sources */ = {isa = PBXBuildFile; fileRef = BF84CA862884DDDA00341454 /* SceneDelegate.swift */; };
		BF84CA892884DDDA00341454 /* ViewController.swift in Sources */ = {isa = PBXBuildFile; fileRef = BF84CA882884DDDA00341454 /* ViewController.swift */; };
		BF84CA8C2884DDDA00341454 /* Main.storyboard in Resources */ = {isa = PBXBuildFile; fileRef = BF84CA8A2884DDDA00341454 /* Main.storyboard */; };
		BF84CA8E2884DDDE00341454 /* Assets.xcassets in Resources */ = {isa = PBXBuildFile; fileRef = BF84CA8D2884DDDE00341454 /* Assets.xcassets */; };
		BF84CA912884DDDE00341454 /* LaunchScreen.storyboard in Resources */ = {isa = PBXBuildFile; fileRef = BF84CA8F2884DDDE00341454 /* LaunchScreen.storyboard */; };
		BF84CA992884F14700341454 /* Home.storyboard in Resources */ = {isa = PBXBuildFile; fileRef = BF84CA982884F14700341454 /* Home.storyboard */; };
		BF84CA9B2884FE4200341454 /* HomeTableViewController.swift in Sources */ = {isa = PBXBuildFile; fileRef = BF84CA9A2884FE4200341454 /* HomeTableViewController.swift */; };
		BFA1B4E92886C62B00380458 /* Shopping.storyboard in Resources */ = {isa = PBXBuildFile; fileRef = BFA1B4E82886C62B00380458 /* Shopping.storyboard */; };
		BFA1B4EB2886C94000380458 /* ShoppingListTableViewCell.swift in Sources */ = {isa = PBXBuildFile; fileRef = BFA1B4EA2886C94000380458 /* ShoppingListTableViewCell.swift */; };
		BFA1B4ED2886C96200380458 /* ShoppingTableViewController.swift in Sources */ = {isa = PBXBuildFile; fileRef = BFA1B4EC2886C96200380458 /* ShoppingTableViewController.swift */; };
		BFE5BFC82886E8C5002CF0BB /* SearchTableViewController.swift in Sources */ = {isa = PBXBuildFile; fileRef = BFE5BFC72886E8C5002CF0BB /* SearchTableViewController.swift */; };
		BFE5BFCA2886E9C3002CF0BB /* SearchTableViewCell.swift in Sources */ = {isa = PBXBuildFile; fileRef = BFE5BFC92886E9C3002CF0BB /* SearchTableViewCell.swift */; };
/* End PBXBuildFile section */

/* Begin PBXFileReference section */
		BF0F80822886400F008D816A /* Search.storyboard */ = {isa = PBXFileReference; lastKnownFileType = file.storyboard; path = Search.storyboard; sourceTree = "<group>"; };
		BF0F808428864041008D816A /* Trend.storyboard */ = {isa = PBXFileReference; lastKnownFileType = file.storyboard; path = Trend.storyboard; sourceTree = "<group>"; };
		BF0F8086288640B1008D816A /* Intro.storyboard */ = {isa = PBXFileReference; lastKnownFileType = file.storyboard; path = Intro.storyboard; sourceTree = "<group>"; };
		BF0F808828864401008D816A /* TrendViewController.swift */ = {isa = PBXFileReference; lastKnownFileType = sourcecode.swift; path = TrendViewController.swift; sourceTree = "<group>"; };
		BF0F808C28864531008D816A /* UIViewController+Extension.swift */ = {isa = PBXFileReference; lastKnownFileType = sourcecode.swift; path = "UIViewController+Extension.swift"; sourceTree = "<group>"; };
		BF0F808E2886478C008D816A /* UITextField+Extension.swift */ = {isa = PBXFileReference; lastKnownFileType = sourcecode.swift; path = "UITextField+Extension.swift"; sourceTree = "<group>"; };
		BF0F809028864BA4008D816A /* BucketlistTableViewController.swift */ = {isa = PBXFileReference; lastKnownFileType = sourcecode.swift; path = BucketlistTableViewController.swift; sourceTree = "<group>"; };
		BF0F809228864DAA008D816A /* BuketlistTableViewCell.swift */ = {isa = PBXFileReference; lastKnownFileType = sourcecode.swift; path = BuketlistTableViewCell.swift; sourceTree = "<group>"; };
		BF602DE328853DA600E22462 /* Setting.storyboard */ = {isa = PBXFileReference; lastKnownFileType = file.storyboard; path = Setting.storyboard; sourceTree = "<group>"; };
		BF602DE528853DC600E22462 /* SettingTableViewController.swift */ = {isa = PBXFileReference; lastKnownFileType = sourcecode.swift; path = SettingTableViewController.swift; sourceTree = "<group>"; };
		BF84CA812884DDDA00341454 /* TrendMedia.app */ = {isa = PBXFileReference; explicitFileType = wrapper.application; includeInIndex = 0; path = TrendMedia.app; sourceTree = BUILT_PRODUCTS_DIR; };
		BF84CA842884DDDA00341454 /* AppDelegate.swift */ = {isa = PBXFileReference; lastKnownFileType = sourcecode.swift; path = AppDelegate.swift; sourceTree = "<group>"; };
		BF84CA862884DDDA00341454 /* SceneDelegate.swift */ = {isa = PBXFileReference; lastKnownFileType = sourcecode.swift; path = SceneDelegate.swift; sourceTree = "<group>"; };
		BF84CA882884DDDA00341454 /* ViewController.swift */ = {isa = PBXFileReference; lastKnownFileType = sourcecode.swift; path = ViewController.swift; sourceTree = "<group>"; };
		BF84CA8B2884DDDA00341454 /* Base */ = {isa = PBXFileReference; lastKnownFileType = file.storyboard; name = Base; path = Base.lproj/Main.storyboard; sourceTree = "<group>"; };
		BF84CA8D2884DDDE00341454 /* Assets.xcassets */ = {isa = PBXFileReference; lastKnownFileType = folder.assetcatalog; path = Assets.xcassets; sourceTree = "<group>"; };
		BF84CA902884DDDE00341454 /* Base */ = {isa = PBXFileReference; lastKnownFileType = file.storyboard; name = Base; path = Base.lproj/LaunchScreen.storyboard; sourceTree = "<group>"; };
		BF84CA922884DDDE00341454 /* Info.plist */ = {isa = PBXFileReference; lastKnownFileType = text.plist.xml; path = Info.plist; sourceTree = "<group>"; };
		BF84CA982884F14700341454 /* Home.storyboard */ = {isa = PBXFileReference; lastKnownFileType = file.storyboard; path = Home.storyboard; sourceTree = "<group>"; };
		BF84CA9A2884FE4200341454 /* HomeTableViewController.swift */ = {isa = PBXFileReference; lastKnownFileType = sourcecode.swift; path = HomeTableViewController.swift; sourceTree = "<group>"; };
		BFA1B4E82886C62B00380458 /* Shopping.storyboard */ = {isa = PBXFileReference; lastKnownFileType = file.storyboard; path = Shopping.storyboard; sourceTree = "<group>"; };
		BFA1B4EA2886C94000380458 /* ShoppingListTableViewCell.swift */ = {isa = PBXFileReference; lastKnownFileType = sourcecode.swift; path = ShoppingListTableViewCell.swift; sourceTree = "<group>"; };
		BFA1B4EC2886C96200380458 /* ShoppingTableViewController.swift */ = {isa = PBXFileReference; lastKnownFileType = sourcecode.swift; path = ShoppingTableViewController.swift; sourceTree = "<group>"; };
		BFE5BFC72886E8C5002CF0BB /* SearchTableViewController.swift */ = {isa = PBXFileReference; lastKnownFileType = sourcecode.swift; path = SearchTableViewController.swift; sourceTree = "<group>"; };
		BFE5BFC92886E9C3002CF0BB /* SearchTableViewCell.swift */ = {isa = PBXFileReference; lastKnownFileType = sourcecode.swift; path = SearchTableViewCell.swift; sourceTree = "<group>"; };
/* End PBXFileReference section */

/* Begin PBXFrameworksBuildPhase section */
		BF84CA7E2884DDDA00341454 /* Frameworks */ = {
			isa = PBXFrameworksBuildPhase;
			buildActionMask = 2147483647;
			files = (
			);
			runOnlyForDeploymentPostprocessing = 0;
		};
/* End PBXFrameworksBuildPhase section */

/* Begin PBXGroup section */
		BF84CA782884DDDA00341454 = {
			isa = PBXGroup;
			children = (
				BF84CA832884DDDA00341454 /* TrendMedia */,
				BF84CA822884DDDA00341454 /* Products */,
			);
			sourceTree = "<group>";
		};
		BF84CA822884DDDA00341454 /* Products */ = {
			isa = PBXGroup;
			children = (
				BF84CA812884DDDA00341454 /* TrendMedia.app */,
			);
			name = Products;
			sourceTree = "<group>";
		};
		BF84CA832884DDDA00341454 /* TrendMedia */ = {
			isa = PBXGroup;
			children = (
				BF84CA842884DDDA00341454 /* AppDelegate.swift */,
				BF84CA862884DDDA00341454 /* SceneDelegate.swift */,
				BF84CA882884DDDA00341454 /* ViewController.swift */,
				BF84CA8A2884DDDA00341454 /* Main.storyboard */,
				BF84CA982884F14700341454 /* Home.storyboard */,
				BF0F8086288640B1008D816A /* Intro.storyboard */,
				BFA1B4E82886C62B00380458 /* Shopping.storyboard */,
				BFA1B4EC2886C96200380458 /* ShoppingTableViewController.swift */,
				BFA1B4EA2886C94000380458 /* ShoppingListTableViewCell.swift */,
				BF602DE328853DA600E22462 /* Setting.storyboard */,
				BF0F80822886400F008D816A /* Search.storyboard */,
				BFE5BFC92886E9C3002CF0BB /* SearchTableViewCell.swift */,
				BFE5BFC72886E8C5002CF0BB /* SearchTableViewController.swift */,
				BF0F808428864041008D816A /* Trend.storyboard */,
				BF0F809028864BA4008D816A /* BucketlistTableViewController.swift */,
				BF0F809228864DAA008D816A /* BuketlistTableViewCell.swift */,
				BF0F808828864401008D816A /* TrendViewController.swift */,
				BF0F808C28864531008D816A /* UIViewController+Extension.swift */,
				BF602DE528853DC600E22462 /* SettingTableViewController.swift */,
				BF84CA9A2884FE4200341454 /* HomeTableViewController.swift */,
				BF0F808E2886478C008D816A /* UITextField+Extension.swift */,
				BF84CA8D2884DDDE00341454 /* Assets.xcassets */,
				BF84CA8F2884DDDE00341454 /* LaunchScreen.storyboard */,
				BF84CA922884DDDE00341454 /* Info.plist */,
			);
			path = TrendMedia;
			sourceTree = "<group>";
		};
/* End PBXGroup section */

/* Begin PBXNativeTarget section */
		BF84CA802884DDDA00341454 /* TrendMedia */ = {
			isa = PBXNativeTarget;
			buildConfigurationList = BF84CA952884DDDE00341454 /* Build configuration list for PBXNativeTarget "TrendMedia" */;
			buildPhases = (
				BF84CA7D2884DDDA00341454 /* Sources */,
				BF84CA7E2884DDDA00341454 /* Frameworks */,
				BF84CA7F2884DDDA00341454 /* Resources */,
			);
			buildRules = (
			);
			dependencies = (
			);
			name = TrendMedia;
			productName = TrendMedia;
			productReference = BF84CA812884DDDA00341454 /* TrendMedia.app */;
			productType = "com.apple.product-type.application";
		};
/* End PBXNativeTarget section */

/* Begin PBXProject section */
		BF84CA792884DDDA00341454 /* Project object */ = {
			isa = PBXProject;
			attributes = {
				BuildIndependentTargetsInParallel = 1;
				LastSwiftUpdateCheck = 1340;
				LastUpgradeCheck = 1340;
				TargetAttributes = {
					BF84CA802884DDDA00341454 = {
						CreatedOnToolsVersion = 13.4.1;
					};
				};
			};
			buildConfigurationList = BF84CA7C2884DDDA00341454 /* Build configuration list for PBXProject "TrendMedia" */;
			compatibilityVersion = "Xcode 13.0";
			developmentRegion = en;
			hasScannedForEncodings = 0;
			knownRegions = (
				en,
				Base,
			);
			mainGroup = BF84CA782884DDDA00341454;
			productRefGroup = BF84CA822884DDDA00341454 /* Products */;
			projectDirPath = "";
			projectRoot = "";
			targets = (
				BF84CA802884DDDA00341454 /* TrendMedia */,
			);
		};
/* End PBXProject section */

/* Begin PBXResourcesBuildPhase section */
		BF84CA7F2884DDDA00341454 /* Resources */ = {
			isa = PBXResourcesBuildPhase;
			buildActionMask = 2147483647;
			files = (
				BF0F808528864041008D816A /* Trend.storyboard in Resources */,
				BF84CA912884DDDE00341454 /* LaunchScreen.storyboard in Resources */,
				BF84CA8E2884DDDE00341454 /* Assets.xcassets in Resources */,
				BF0F8087288640B1008D816A /* Intro.storyboard in Resources */,
				BF602DE428853DA600E22462 /* Setting.storyboard in Resources */,
				BF84CA8C2884DDDA00341454 /* Main.storyboard in Resources */,
				BFA1B4E92886C62B00380458 /* Shopping.storyboard in Resources */,
				BF0F80832886400F008D816A /* Search.storyboard in Resources */,
				BF84CA992884F14700341454 /* Home.storyboard in Resources */,
			);
			runOnlyForDeploymentPostprocessing = 0;
		};
/* End PBXResourcesBuildPhase section */

/* Begin PBXSourcesBuildPhase section */
		BF84CA7D2884DDDA00341454 /* Sources */ = {
			isa = PBXSourcesBuildPhase;
			buildActionMask = 2147483647;
			files = (
				BF0F808F2886478C008D816A /* UITextField+Extension.swift in Sources */,
				BF0F808D28864531008D816A /* UIViewController+Extension.swift in Sources */,
				BF84CA9B2884FE4200341454 /* HomeTableViewController.swift in Sources */,
				BF0F809328864DAA008D816A /* BuketlistTableViewCell.swift in Sources */,
				BF84CA892884DDDA00341454 /* ViewController.swift in Sources */,
				BFA1B4ED2886C96200380458 /* ShoppingTableViewController.swift in Sources */,
				BF84CA852884DDDA00341454 /* AppDelegate.swift in Sources */,
				BF84CA872884DDDA00341454 /* SceneDelegate.swift in Sources */,
				BF0F809128864BA4008D816A /* BucketlistTableViewController.swift in Sources */,
				BFA1B4EB2886C94000380458 /* ShoppingListTableViewCell.swift in Sources */,
				BFE5BFC82886E8C5002CF0BB /* SearchTableViewController.swift in Sources */,
				BF0F808928864401008D816A /* TrendViewController.swift in Sources */,
				BF602DE628853DC600E22462 /* SettingTableViewController.swift in Sources */,
				BFE5BFCA2886E9C3002CF0BB /* SearchTableViewCell.swift in Sources */,
			);
			runOnlyForDeploymentPostprocessing = 0;
		};
/* End PBXSourcesBuildPhase section */

/* Begin PBXVariantGroup section */
		BF84CA8A2884DDDA00341454 /* Main.storyboard */ = {
			isa = PBXVariantGroup;
			children = (
				BF84CA8B2884DDDA00341454 /* Base */,
			);
			name = Main.storyboard;
			sourceTree = "<group>";
		};
		BF84CA8F2884DDDE00341454 /* LaunchScreen.storyboard */ = {
			isa = PBXVariantGroup;
			children = (
				BF84CA902884DDDE00341454 /* Base */,
			);
			name = LaunchScreen.storyboard;
			sourceTree = "<group>";
		};
/* End PBXVariantGroup section */

/* Begin XCBuildConfiguration section */
		BF84CA932884DDDE00341454 /* Debug */ = {
			isa = XCBuildConfiguration;
			buildSettings = {
				ALWAYS_SEARCH_USER_PATHS = NO;
				CLANG_ANALYZER_NONNULL = YES;
				CLANG_ANALYZER_NUMBER_OBJECT_CONVERSION = YES_AGGRESSIVE;
				CLANG_CXX_LANGUAGE_STANDARD = "gnu++17";
				CLANG_ENABLE_MODULES = YES;
				CLANG_ENABLE_OBJC_ARC = YES;
				CLANG_ENABLE_OBJC_WEAK = YES;
				CLANG_WARN_BLOCK_CAPTURE_AUTORELEASING = YES;
				CLANG_WARN_BOOL_CONVERSION = YES;
				CLANG_WARN_COMMA = YES;
				CLANG_WARN_CONSTANT_CONVERSION = YES;
				CLANG_WARN_DEPRECATED_OBJC_IMPLEMENTATIONS = YES;
				CLANG_WARN_DIRECT_OBJC_ISA_USAGE = YES_ERROR;
				CLANG_WARN_DOCUMENTATION_COMMENTS = YES;
				CLANG_WARN_EMPTY_BODY = YES;
				CLANG_WARN_ENUM_CONVERSION = YES;
				CLANG_WARN_INFINITE_RECURSION = YES;
				CLANG_WARN_INT_CONVERSION = YES;
				CLANG_WARN_NON_LITERAL_NULL_CONVERSION = YES;
				CLANG_WARN_OBJC_IMPLICIT_RETAIN_SELF = YES;
				CLANG_WARN_OBJC_LITERAL_CONVERSION = YES;
				CLANG_WARN_OBJC_ROOT_CLASS = YES_ERROR;
				CLANG_WARN_QUOTED_INCLUDE_IN_FRAMEWORK_HEADER = YES;
				CLANG_WARN_RANGE_LOOP_ANALYSIS = YES;
				CLANG_WARN_STRICT_PROTOTYPES = YES;
				CLANG_WARN_SUSPICIOUS_MOVE = YES;
				CLANG_WARN_UNGUARDED_AVAILABILITY = YES_AGGRESSIVE;
				CLANG_WARN_UNREACHABLE_CODE = YES;
				CLANG_WARN__DUPLICATE_METHOD_MATCH = YES;
				COPY_PHASE_STRIP = NO;
				DEBUG_INFORMATION_FORMAT = dwarf;
				ENABLE_STRICT_OBJC_MSGSEND = YES;
				ENABLE_TESTABILITY = YES;
				GCC_C_LANGUAGE_STANDARD = gnu11;
				GCC_DYNAMIC_NO_PIC = NO;
				GCC_NO_COMMON_BLOCKS = YES;
				GCC_OPTIMIZATION_LEVEL = 0;
				GCC_PREPROCESSOR_DEFINITIONS = (
					"DEBUG=1",
					"$(inherited)",
				);
				GCC_WARN_64_TO_32_BIT_CONVERSION = YES;
				GCC_WARN_ABOUT_RETURN_TYPE = YES_ERROR;
				GCC_WARN_UNDECLARED_SELECTOR = YES;
				GCC_WARN_UNINITIALIZED_AUTOS = YES_AGGRESSIVE;
				GCC_WARN_UNUSED_FUNCTION = YES;
				GCC_WARN_UNUSED_VARIABLE = YES;
				IPHONEOS_DEPLOYMENT_TARGET = 15.5;
				MTL_ENABLE_DEBUG_INFO = INCLUDE_SOURCE;
				MTL_FAST_MATH = YES;
				ONLY_ACTIVE_ARCH = YES;
				SDKROOT = iphoneos;
				SWIFT_ACTIVE_COMPILATION_CONDITIONS = DEBUG;
				SWIFT_OPTIMIZATION_LEVEL = "-Onone";
			};
			name = Debug;
		};
		BF84CA942884DDDE00341454 /* Release */ = {
			isa = XCBuildConfiguration;
			buildSettings = {
				ALWAYS_SEARCH_USER_PATHS = NO;
				CLANG_ANALYZER_NONNULL = YES;
				CLANG_ANALYZER_NUMBER_OBJECT_CONVERSION = YES_AGGRESSIVE;
				CLANG_CXX_LANGUAGE_STANDARD = "gnu++17";
				CLANG_ENABLE_MODULES = YES;
				CLANG_ENABLE_OBJC_ARC = YES;
				CLANG_ENABLE_OBJC_WEAK = YES;
				CLANG_WARN_BLOCK_CAPTURE_AUTORELEASING = YES;
				CLANG_WARN_BOOL_CONVERSION = YES;
				CLANG_WARN_COMMA = YES;
				CLANG_WARN_CONSTANT_CONVERSION = YES;
				CLANG_WARN_DEPRECATED_OBJC_IMPLEMENTATIONS = YES;
				CLANG_WARN_DIRECT_OBJC_ISA_USAGE = YES_ERROR;
				CLANG_WARN_DOCUMENTATION_COMMENTS = YES;
				CLANG_WARN_EMPTY_BODY = YES;
				CLANG_WARN_ENUM_CONVERSION = YES;
				CLANG_WARN_INFINITE_RECURSION = YES;
				CLANG_WARN_INT_CONVERSION = YES;
				CLANG_WARN_NON_LITERAL_NULL_CONVERSION = YES;
				CLANG_WARN_OBJC_IMPLICIT_RETAIN_SELF = YES;
				CLANG_WARN_OBJC_LITERAL_CONVERSION = YES;
				CLANG_WARN_OBJC_ROOT_CLASS = YES_ERROR;
				CLANG_WARN_QUOTED_INCLUDE_IN_FRAMEWORK_HEADER = YES;
				CLANG_WARN_RANGE_LOOP_ANALYSIS = YES;
				CLANG_WARN_STRICT_PROTOTYPES = YES;
				CLANG_WARN_SUSPICIOUS_MOVE = YES;
				CLANG_WARN_UNGUARDED_AVAILABILITY = YES_AGGRESSIVE;
				CLANG_WARN_UNREACHABLE_CODE = YES;
				CLANG_WARN__DUPLICATE_METHOD_MATCH = YES;
				COPY_PHASE_STRIP = NO;
				DEBUG_INFORMATION_FORMAT = "dwarf-with-dsym";
				ENABLE_NS_ASSERTIONS = NO;
				ENABLE_STRICT_OBJC_MSGSEND = YES;
				GCC_C_LANGUAGE_STANDARD = gnu11;
				GCC_NO_COMMON_BLOCKS = YES;
				GCC_WARN_64_TO_32_BIT_CONVERSION = YES;
				GCC_WARN_ABOUT_RETURN_TYPE = YES_ERROR;
				GCC_WARN_UNDECLARED_SELECTOR = YES;
				GCC_WARN_UNINITIALIZED_AUTOS = YES_AGGRESSIVE;
				GCC_WARN_UNUSED_FUNCTION = YES;
				GCC_WARN_UNUSED_VARIABLE = YES;
				IPHONEOS_DEPLOYMENT_TARGET = 15.5;
				MTL_ENABLE_DEBUG_INFO = NO;
				MTL_FAST_MATH = YES;
				SDKROOT = iphoneos;
				SWIFT_COMPILATION_MODE = wholemodule;
				SWIFT_OPTIMIZATION_LEVEL = "-O";
				VALIDATE_PRODUCT = YES;
			};
			name = Release;
		};
		BF84CA962884DDDE00341454 /* Debug */ = {
			isa = XCBuildConfiguration;
			buildSettings = {
				ASSETCATALOG_COMPILER_APPICON_NAME = AppIcon;
				ASSETCATALOG_COMPILER_GLOBAL_ACCENT_COLOR_NAME = AccentColor;
				CODE_SIGN_STYLE = Automatic;
				CURRENT_PROJECT_VERSION = 1;
				GENERATE_INFOPLIST_FILE = YES;
				INFOPLIST_FILE = TrendMedia/Info.plist;
				INFOPLIST_KEY_UIApplicationSupportsIndirectInputEvents = YES;
				INFOPLIST_KEY_UILaunchStoryboardName = LaunchScreen;
				INFOPLIST_KEY_UIMainStoryboardFile = Main;
				INFOPLIST_KEY_UISupportedInterfaceOrientations_iPad = "UIInterfaceOrientationPortrait UIInterfaceOrientationPortraitUpsideDown UIInterfaceOrientationLandscapeLeft UIInterfaceOrientationLandscapeRight";
				INFOPLIST_KEY_UISupportedInterfaceOrientations_iPhone = "UIInterfaceOrientationPortrait UIInterfaceOrientationLandscapeLeft UIInterfaceOrientationLandscapeRight";
				IPHONEOS_DEPLOYMENT_TARGET = 15.0;
				LD_RUNPATH_SEARCH_PATHS = (
					"$(inherited)",
					"@executable_path/Frameworks",
				);
				MARKETING_VERSION = 1.0;
				PRODUCT_BUNDLE_IDENTIFIER = com.sanhan.TrendMedia;
				PRODUCT_NAME = "$(TARGET_NAME)";
				SWIFT_EMIT_LOC_STRINGS = YES;
				SWIFT_VERSION = 5.0;
				TARGETED_DEVICE_FAMILY = "1,2";
			};
			name = Debug;
		};
		BF84CA972884DDDE00341454 /* Release */ = {
			isa = XCBuildConfiguration;
			buildSettings = {
				ASSETCATALOG_COMPILER_APPICON_NAME = AppIcon;
				ASSETCATALOG_COMPILER_GLOBAL_ACCENT_COLOR_NAME = AccentColor;
				CODE_SIGN_STYLE = Automatic;
				CURRENT_PROJECT_VERSION = 1;
				GENERATE_INFOPLIST_FILE = YES;
				INFOPLIST_FILE = TrendMedia/Info.plist;
				INFOPLIST_KEY_UIApplicationSupportsIndirectInputEvents = YES;
				INFOPLIST_KEY_UILaunchStoryboardName = LaunchScreen;
				INFOPLIST_KEY_UIMainStoryboardFile = Main;
				INFOPLIST_KEY_UISupportedInterfaceOrientations_iPad = "UIInterfaceOrientationPortrait UIInterfaceOrientationPortraitUpsideDown UIInterfaceOrientationLandscapeLeft UIInterfaceOrientationLandscapeRight";
				INFOPLIST_KEY_UISupportedInterfaceOrientations_iPhone = "UIInterfaceOrientationPortrait UIInterfaceOrientationLandscapeLeft UIInterfaceOrientationLandscapeRight";
				IPHONEOS_DEPLOYMENT_TARGET = 15.0;
				LD_RUNPATH_SEARCH_PATHS = (
					"$(inherited)",
					"@executable_path/Frameworks",
				);
				MARKETING_VERSION = 1.0;
				PRODUCT_BUNDLE_IDENTIFIER = com.sanhan.TrendMedia;
				PRODUCT_NAME = "$(TARGET_NAME)";
				SWIFT_EMIT_LOC_STRINGS = YES;
				SWIFT_VERSION = 5.0;
				TARGETED_DEVICE_FAMILY = "1,2";
			};
			name = Release;
		};
/* End XCBuildConfiguration section */

/* Begin XCConfigurationList section */
		BF84CA7C2884DDDA00341454 /* Build configuration list for PBXProject "TrendMedia" */ = {
			isa = XCConfigurationList;
			buildConfigurations = (
				BF84CA932884DDDE00341454 /* Debug */,
				BF84CA942884DDDE00341454 /* Release */,
			);
			defaultConfigurationIsVisible = 0;
			defaultConfigurationName = Release;
		};
		BF84CA952884DDDE00341454 /* Build configuration list for PBXNativeTarget "TrendMedia" */ = {
			isa = XCConfigurationList;
			buildConfigurations = (
				BF84CA962884DDDE00341454 /* Debug */,
				BF84CA972884DDDE00341454 /* Release */,
			);
			defaultConfigurationIsVisible = 0;
			defaultConfigurationName = Release;
		};
/* End XCConfigurationList section */
	};
	rootObject = BF84CA792884DDDA00341454 /* Project object */;
}
